
Microsoft Visual Studio Solution File, Format Version 12.00
# Visual Studio Version 17
VisualStudioVersion = 17.5.002.0
MinimumVisualStudioVersion = 10.0.40219.1
Project("{9A19103F-16F7-4668-BE54-9A1E7A4F7556}") = "untitled folder", "untitled folder.csproj", "{7B88FA4B-9CE5-4542-ACCE-364BA9AACFC3}"
EndProject
Global
	GlobalSection(SolutionConfigurationPlatforms) = preSolution
		Debug|Any CPU = Debug|Any CPU
		Release|Any CPU = Release|Any CPU
	EndGlobalSection
	GlobalSection(ProjectConfigurationPlatforms) = postSolution
		{7B88FA4B-9CE5-4542-ACCE-364BA9AACFC3}.Debug|Any CPU.ActiveCfg = Debug|Any CPU
		{7B88FA4B-9CE5-4542-ACCE-364BA9AACFC3}.Debug|Any CPU.Build.0 = Debug|Any CPU
		{7B88FA4B-9CE5-4542-ACCE-364BA9AACFC3}.Release|Any CPU.ActiveCfg = Release|Any CPU
		{7B88FA4B-9CE5-4542-ACCE-364BA9AACFC3}.Release|Any CPU.Build.0 = Release|Any CPU
	EndGlobalSection
	GlobalSection(SolutionProperties) = preSolution
		HideSolutionNode = FALSE
	EndGlobalSection
	GlobalSection(ExtensibilityGlobals) = postSolution
		SolutionGuid = {EAFCA4C5-E5B2-4FD5-86CF-111E2E3926B4}
	EndGlobalSection
EndGlobal
